lockfileVersion: 5.3

specifiers:
  '@js-temporal/polyfill': ^0.3.0

dependencies:
  '@js-temporal/polyfill': 0.3.0

packages:

  /@js-temporal/polyfill/0.3.0:
    resolution: {integrity: sha512-cxxxis19j0WvK3+kUwKrXeXaDBaWxLeRfKqlVz7g50Cly6UgGs2p3wovH9zjtZ4TtjYHDR4De/880+aalduDZQ==}
    engines: {node: '>=12'}
    dependencies:
      big-integer: 1.6.51
      tslib: 2.3.1
    dev: false

  /big-integer/1.6.51:
    resolution: {integrity: sha512-GPEid2Y9QU1Exl1rpO9B2IPJGHPSupF5GnVIP0blYvNOMer2bTvSWs1jGOUg04hTmu67nmLsQ9TBo1puaotBHg==}
    engines: {node: '>=0.6'}
    dev: false

  /tslib/2.3.1:
    resolution: {integrity: sha512-77EbyPPpMz+FRFRuAFlWMtmgUWGe9UOG2Z25NqCwiIjRhOf5iKGuzSe5P2w1laq+FkRy4p+PCuVkJSGkzTEKVw==}
    dev: false
